<?xml version="1.0" encoding="utf-8"?>
<Project ToolsVersion="4.0" xmlns="http://schemas.microsoft.com/developer/msbuild/2003">
  <ItemGroup>
    <Filter Include="Source Files">
      <UniqueIdentifier>{4FC737F1-C7A5-4376-A066-2A32D752A2FF}</UniqueIdentifier>
      <Extensions>cpp;c;cc;cxx;def;odl;idl;hpj;bat;asm;asmx</Extensions>
    </Filter>
    <Filter Include="Header Files">
      <UniqueIdentifier>{93995380-89BD-4b04-88EB-625FBE52EBFB}</UniqueIdentifier>
      <Extensions>h;hh;hpp;hxx;hm;inl;inc;xsd</Extensions>
    </Filter>
    <Filter Include="Resource Files">
      <UniqueIdentifier>{67DA6AB6-F800-4c08-8B7A-83BB121AAD01}</UniqueIdentifier>
      <Extensions>rc;ico;cur;bmp;dlg;rc2;rct;bin;rgs;gif;jpg;jpeg;jpe;resx;tiff;tif;png;wav;mfcribbon-ms</Extensions>
    </Filter>
  </ItemGroup>
  <ItemGroup>
    <None Include="AutoPilot.ino" />
  </ItemGroup>
  <ItemGroup>
    <ClInclude Include="__vm\.AutoPilot.vsarduino.h">
      <Filter>Header Files</Filter>
    </ClInclude>
    <ClInclude Include="Sensors\Sensors.h">
      <Filter>Header Files</Filter>
    </ClInclude>
    <ClInclude Include="LCD\LCD.h">
      <Filter>Header Files</Filter>
    </ClInclude>
    <ClInclude Include="Config.h">
      <Filter>Header Files</Filter>
    </ClInclude>
    <ClInclude Include="LCD\Scenes\Scene.h">
      <Filter>Header Files</Filter>
    </ClInclude>
    <ClInclude Include="GPS\GPS.h">
      <Filter>Header Files</Filter>
    </ClInclude>
    <ClInclude Include="NeoGPS\CosaCompat.h">
      <Filter>Header Files</Filter>
    </ClInclude>
    <ClInclude Include="NeoGPS\DMS.h">
      <Filter>Header Files</Filter>
    </ClInclude>
    <ClInclude Include="NeoGPS\GPSfix.h">
      <Filter>Header Files</Filter>
    </ClInclude>
    <ClInclude Include="NeoGPS\GPSfix_cfg.h">
      <Filter>Header Files</Filter>
    </ClInclude>
    <ClInclude Include="NeoGPS\GPSport.h">
      <Filter>Header Files</Filter>
    </ClInclude>
    <ClInclude Include="NeoGPS\GPSTime.h">
      <Filter>Header Files</Filter>
    </ClInclude>
    <ClInclude Include="NeoGPS\Location.h">
      <Filter>Header Files</Filter>
    </ClInclude>
    <ClInclude Include="NeoGPS\NeoGPS_cfg.h">
      <Filter>Header Files</Filter>
    </ClInclude>
    <ClInclude Include="NeoGPS\NeoTime.h">
      <Filter>Header Files</Filter>
    </ClInclude>
    <ClInclude Include="NeoGPS\NMEAGPS.h">
      <Filter>Header Files</Filter>
    </ClInclude>
    <ClInclude Include="NeoGPS\NMEAGPS_cfg.h">
      <Filter>Header Files</Filter>
    </ClInclude>
    <ClInclude Include="NeoGPS\Streamers.h">
      <Filter>Header Files</Filter>
    </ClInclude>
    <ClInclude Include="NeoGPS\ublox\ubxGPS.h">
      <Filter>Header Files</Filter>
    </ClInclude>
    <ClInclude Include="NeoGPS\ublox\ubxmsg.h">
      <Filter>Header Files</Filter>
    </ClInclude>
    <ClInclude Include="NeoGPS\ublox\ubxNMEA.h">
      <Filter>Header Files</Filter>
    </ClInclude>
    <ClInclude Include="NeoGPS\ublox\ubx_cfg.h">
      <Filter>Header Files</Filter>
    </ClInclude>
    <ClInclude Include="Logic\Logic.h">
      <Filter>Header Files</Filter>
    </ClInclude>
    <ClInclude Include="IO\IO.h">
      <Filter>Header Files</Filter>
    </ClInclude>
    <ClInclude Include="PinConfig.h">
      <Filter>Header Files</Filter>
    </ClInclude>
    <ClInclude Include="Logic\Manual\Manual.h">
      <Filter>Header Files</Filter>
    </ClInclude>
    <ClInclude Include="Logic\Stabilise\Stabilise.h">
      <Filter>Header Files</Filter>
    </ClInclude>
    <ClInclude Include="Logic\Navigate\Navigate.h">
      <Filter>Header Files</Filter>
    </ClInclude>
    <ClInclude Include="Configurator\Configurator.h">
      <Filter>Header Files</Filter>
    </ClInclude>
    <ClInclude Include="EEPROMConfig.h">
      <Filter>Header Files</Filter>
    </ClInclude>
  </ItemGroup>
  <ItemGroup>
    <ClCompile Include="Sensors\Sensors.cpp">
      <Filter>Source Files</Filter>
    </ClCompile>
    <ClCompile Include="LCD\LCD.cpp">
      <Filter>Source Files</Filter>
    </ClCompile>
    <ClCompile Include="LCD\Scenes\SensorDebug.cpp">
      <Filter>Source Files</Filter>
    </ClCompile>
    <ClCompile Include="LCD\Scenes\Scenes.cpp">
      <Filter>Source Files</Filter>
    </ClCompile>
    <ClCompile Include="GPS\GPS.cpp">
      <Filter>Source Files</Filter>
    </ClCompile>
    <ClCompile Include="NeoGPS\DMS.cpp">
      <Filter>Source Files</Filter>
    </ClCompile>
    <ClCompile Include="NeoGPS\GPSTime.cpp">
      <Filter>Source Files</Filter>
    </ClCompile>
    <ClCompile Include="NeoGPS\Location.cpp">
      <Filter>Source Files</Filter>
    </ClCompile>
    <ClCompile Include="NeoGPS\NeoTime.cpp">
      <Filter>Source Files</Filter>
    </ClCompile>
    <ClCompile Include="NeoGPS\NMEAGPS.cpp">
      <Filter>Source Files</Filter>
    </ClCompile>
    <ClCompile Include="NeoGPS\Streamers.cpp">
      <Filter>Source Files</Filter>
    </ClCompile>
    <ClCompile Include="NeoGPS\ublox\ubxGPS.cpp">
      <Filter>Source Files</Filter>
    </ClCompile>
    <ClCompile Include="NeoGPS\ublox\ubxmsg.cpp">
      <Filter>Source Files</Filter>
    </ClCompile>
    <ClCompile Include="NeoGPS\ublox\ubxNMEA.cpp">
      <Filter>Source Files</Filter>
    </ClCompile>
    <ClCompile Include="Logic\Logic.cpp">
      <Filter>Source Files</Filter>
    </ClCompile>
    <ClCompile Include="IO\IO.cpp">
      <Filter>Source Files</Filter>
    </ClCompile>
    <ClCompile Include="Logic\Manual\Manual.cpp">
      <Filter>Source Files</Filter>
    </ClCompile>
    <ClCompile Include="Logic\Stabilise\Stabilise.cpp">
      <Filter>Source Files</Filter>
    </ClCompile>
    <ClCompile Include="Logic\Navigate\Navigate.cpp">
      <Filter>Source Files</Filter>
    </ClCompile>
    <ClCompile Include="Configurator\Configurator.cpp">
      <Filter>Source Files</Filter>
    </ClCompile>
  </ItemGroup>
</Project>